
Microsoft Visual Studio Solution File, Format Version 12.00
# Visual Studio Version 17
VisualStudioVersion = 17.2.32526.322
MinimumVisualStudioVersion = 10.0.40219.1
Project("{FAE04EC0-301F-11D3-BF4B-00C04F79EFBC}") = "RobloxOofer", "RobloxOofer.csproj", "{8B3A5DC9-139E-4450-BF02-6256E8381A2A}"
EndProject
Global
	GlobalSection(SolutionConfigurationPlatforms) = preSolution
		Debug|Any CPU = Debug|Any CPU
		Release|Any CPU = Release|Any CPU
	EndGlobalSection
	GlobalSection(ProjectConfigurationPlatforms) = postSolution
		{8B3A5DC9-139E-4450-BF02-6256E8381A2A}.Debug|Any CPU.ActiveCfg = Debug|Any CPU
		{8B3A5DC9-139E-4450-BF02-6256E8381A2A}.Debug|Any CPU.Build.0 = Debug|Any CPU
		{8B3A5DC9-139E-4450-BF02-6256E8381A2A}.Release|Any CPU.ActiveCfg = Release|Any CPU
		{8B3A5DC9-139E-4450-BF02-6256E8381A2A}.Release|Any CPU.Build.0 = Release|Any CPU
	EndGlobalSection
	GlobalSection(SolutionProperties) = preSolution
		HideSolutionNode = FALSE
	EndGlobalSection
	GlobalSection(ExtensibilityGlobals) = postSolution
		SolutionGuid = {0394B91F-7C12-40D7-9DB0-B699683E7F02}
	EndGlobalSection
EndGlobal
